
Microsoft Visual Studio Solution File, Format Version 12.00
# Visual Studio 15
VisualStudioVersion = 15.0.27004.2010
MinimumVisualStudioVersion = 10.0.40219.1
Project("{FAE04EC0-301F-11D3-BF4B-00C04F79EFBC}") = "HızlıTrenApp.UI", "HızlıTrenApp.UI\HızlıTrenApp.UI.csproj", "{F775B426-FA2D-4837-8302-8B7D46B9B646}"
EndProject
Project("{FAE04EC0-301F-11D3-BF4B-00C04F79EFBC}") = "HızlıTrenApp.DATA", "HızlıTrenApp.DATA\HızlıTrenApp.DATA.csproj", "{5EFEA947-7B58-4E72-A1F6-F6D8E7D55387}"
EndProject
Project("{FAE04EC0-301F-11D3-BF4B-00C04F79EFBC}") = "HızlıTrenApp.DAL", "HızlıTrenApp.DAL\HızlıTrenApp.DAL.csproj", "{9EFD49AF-A067-40C3-B48C-33E9FB8FD512}"
EndProject
Global
	GlobalSection(SolutionConfigurationPlatforms) = preSolution
		Debug|Any CPU = Debug|Any CPU
		Release|Any CPU = Release|Any CPU
	EndGlobalSection
	GlobalSection(ProjectConfigurationPlatforms) = postSolution
		{F775B426-FA2D-4837-8302-8B7D46B9B646}.Debug|Any CPU.ActiveCfg = Debug|Any CPU
		{F775B426-FA2D-4837-8302-8B7D46B9B646}.Debug|Any CPU.Build.0 = Debug|Any CPU
		{F775B426-FA2D-4837-8302-8B7D46B9B646}.Release|Any CPU.ActiveCfg = Release|Any CPU
		{F775B426-FA2D-4837-8302-8B7D46B9B646}.Release|Any CPU.Build.0 = Release|Any CPU
		{5EFEA947-7B58-4E72-A1F6-F6D8E7D55387}.Debug|Any CPU.ActiveCfg = Debug|Any CPU
		{5EFEA947-7B58-4E72-A1F6-F6D8E7D55387}.Debug|Any CPU.Build.0 = Debug|Any CPU
		{5EFEA947-7B58-4E72-A1F6-F6D8E7D55387}.Release|Any CPU.ActiveCfg = Release|Any CPU
		{5EFEA947-7B58-4E72-A1F6-F6D8E7D55387}.Release|Any CPU.Build.0 = Release|Any CPU
		{9EFD49AF-A067-40C3-B48C-33E9FB8FD512}.Debug|Any CPU.ActiveCfg = Debug|Any CPU
		{9EFD49AF-A067-40C3-B48C-33E9FB8FD512}.Debug|Any CPU.Build.0 = Debug|Any CPU
		{9EFD49AF-A067-40C3-B48C-33E9FB8FD512}.Release|Any CPU.ActiveCfg = Release|Any CPU
		{9EFD49AF-A067-40C3-B48C-33E9FB8FD512}.Release|Any CPU.Build.0 = Release|Any CPU
	EndGlobalSection
	GlobalSection(SolutionProperties) = preSolution
		HideSolutionNode = FALSE
	EndGlobalSection
	GlobalSection(ExtensibilityGlobals) = postSolution
		SolutionGuid = {39226D00-6585-4903-A35A-D61F440D4431}
	EndGlobalSection
EndGlobal
